
Microsoft Visual Studio Solution File, Format Version 12.00
# Visual Studio Version 17
VisualStudioVersion = 17.14.36414.22 d17.14
MinimumVisualStudioVersion = 10.0.40219.1
Project("{FAE04EC0-301F-11D3-BF4B-00C04F79EFBC}") = "Day6", "Day6\Day6.csproj", "{28F7C393-6A3F-4E98-9640-A1D62F6EA634}"
EndProject
Global
	GlobalSection(SolutionConfigurationPlatforms) = preSolution
		Debug|Any CPU = Debug|Any CPU
		Release|Any CPU = Release|Any CPU
	EndGlobalSection
	GlobalSection(ProjectConfigurationPlatforms) = postSolution
		{28F7C393-6A3F-4E98-9640-A1D62F6EA634}.Debug|Any CPU.ActiveCfg = Debug|Any CPU
		{28F7C393-6A3F-4E98-9640-A1D62F6EA634}.Debug|Any CPU.Build.0 = Debug|Any CPU
		{28F7C393-6A3F-4E98-9640-A1D62F6EA634}.Release|Any CPU.ActiveCfg = Release|Any CPU
		{28F7C393-6A3F-4E98-9640-A1D62F6EA634}.Release|Any CPU.Build.0 = Release|Any CPU
	EndGlobalSection
	GlobalSection(SolutionProperties) = preSolution
		HideSolutionNode = FALSE
	EndGlobalSection
	GlobalSection(ExtensibilityGlobals) = postSolution
		SolutionGuid = {6EEA4F46-CF18-492D-A7F9-136BB829C6BB}
	EndGlobalSection
EndGlobal
