
Microsoft Visual Studio Solution File, Format Version 12.00
# Visual Studio Version 17
VisualStudioVersion = 17.14.36414.22 d17.14
MinimumVisualStudioVersion = 10.0.40219.1
Project("{FAE04EC0-301F-11D3-BF4B-00C04F79EFBC}") = "Day3", "Day3\Day3.csproj", "{9CF7FE01-AD28-4782-9F23-CEA5F8E88557}"
EndProject
Global
	GlobalSection(SolutionConfigurationPlatforms) = preSolution
		Debug|Any CPU = Debug|Any CPU
		Release|Any CPU = Release|Any CPU
	EndGlobalSection
	GlobalSection(ProjectConfigurationPlatforms) = postSolution
		{9CF7FE01-AD28-4782-9F23-CEA5F8E88557}.Debug|Any CPU.ActiveCfg = Debug|Any CPU
		{9CF7FE01-AD28-4782-9F23-CEA5F8E88557}.Debug|Any CPU.Build.0 = Debug|Any CPU
		{9CF7FE01-AD28-4782-9F23-CEA5F8E88557}.Release|Any CPU.ActiveCfg = Release|Any CPU
		{9CF7FE01-AD28-4782-9F23-CEA5F8E88557}.Release|Any CPU.Build.0 = Release|Any CPU
	EndGlobalSection
	GlobalSection(SolutionProperties) = preSolution
		HideSolutionNode = FALSE
	EndGlobalSection
	GlobalSection(ExtensibilityGlobals) = postSolution
		SolutionGuid = {AFA425AB-7845-4EA3-8804-4EA8CE6D453B}
	EndGlobalSection
EndGlobal
