
Microsoft Visual Studio Solution File, Format Version 12.00
# Visual Studio Version 17
VisualStudioVersion = 17.14.36414.22 d17.14
MinimumVisualStudioVersion = 10.0.40219.1
Project("{FAE04EC0-301F-11D3-BF4B-00C04F79EFBC}") = "TaskDay1_2", "TaskDay1_2\TaskDay1_2.csproj", "{133D4FA9-D2FA-4F8B-80AC-3751BCA7A4C2}"
EndProject
Global
	GlobalSection(SolutionConfigurationPlatforms) = preSolution
		Debug|Any CPU = Debug|Any CPU
		Release|Any CPU = Release|Any CPU
	EndGlobalSection
	GlobalSection(ProjectConfigurationPlatforms) = postSolution
		{133D4FA9-D2FA-4F8B-80AC-3751BCA7A4C2}.Debug|Any CPU.ActiveCfg = Debug|Any CPU
		{133D4FA9-D2FA-4F8B-80AC-3751BCA7A4C2}.Debug|Any CPU.Build.0 = Debug|Any CPU
		{133D4FA9-D2FA-4F8B-80AC-3751BCA7A4C2}.Release|Any CPU.ActiveCfg = Release|Any CPU
		{133D4FA9-D2FA-4F8B-80AC-3751BCA7A4C2}.Release|Any CPU.Build.0 = Release|Any CPU
	EndGlobalSection
	GlobalSection(SolutionProperties) = preSolution
		HideSolutionNode = FALSE
	EndGlobalSection
	GlobalSection(ExtensibilityGlobals) = postSolution
		SolutionGuid = {64FE6835-A7B7-40E9-B97C-540E34180588}
	EndGlobalSection
EndGlobal
