
Microsoft Visual Studio Solution File, Format Version 12.00
# Visual Studio Version 17
VisualStudioVersion = 17.14.36414.22 d17.14
MinimumVisualStudioVersion = 10.0.40219.1
Project("{FAE04EC0-301F-11D3-BF4B-00C04F79EFBC}") = "TaskDay1_5", "TaskDay1_5\TaskDay1_5.csproj", "{0AA12EDE-9844-48DA-B672-A47BCA9563BB}"
EndProject
Global
	GlobalSection(SolutionConfigurationPlatforms) = preSolution
		Debug|Any CPU = Debug|Any CPU
		Release|Any CPU = Release|Any CPU
	EndGlobalSection
	GlobalSection(ProjectConfigurationPlatforms) = postSolution
		{0AA12EDE-9844-48DA-B672-A47BCA9563BB}.Debug|Any CPU.ActiveCfg = Debug|Any CPU
		{0AA12EDE-9844-48DA-B672-A47BCA9563BB}.Debug|Any CPU.Build.0 = Debug|Any CPU
		{0AA12EDE-9844-48DA-B672-A47BCA9563BB}.Release|Any CPU.ActiveCfg = Release|Any CPU
		{0AA12EDE-9844-48DA-B672-A47BCA9563BB}.Release|Any CPU.Build.0 = Release|Any CPU
	EndGlobalSection
	GlobalSection(SolutionProperties) = preSolution
		HideSolutionNode = FALSE
	EndGlobalSection
	GlobalSection(ExtensibilityGlobals) = postSolution
		SolutionGuid = {C5A90796-4C69-4530-900B-B919375BD728}
	EndGlobalSection
EndGlobal
