
Microsoft Visual Studio Solution File, Format Version 12.00
# Visual Studio Version 17
VisualStudioVersion = 17.14.36414.22 d17.14
MinimumVisualStudioVersion = 10.0.40219.1
Project("{FAE04EC0-301F-11D3-BF4B-00C04F79EFBC}") = "Day4C#", "Day4C#\Day4C#.csproj", "{EEE9EAB9-83FB-4C13-B386-496D6CB61D04}"
EndProject
Global
	GlobalSection(SolutionConfigurationPlatforms) = preSolution
		Debug|Any CPU = Debug|Any CPU
		Release|Any CPU = Release|Any CPU
	EndGlobalSection
	GlobalSection(ProjectConfigurationPlatforms) = postSolution
		{EEE9EAB9-83FB-4C13-B386-496D6CB61D04}.Debug|Any CPU.ActiveCfg = Debug|Any CPU
		{EEE9EAB9-83FB-4C13-B386-496D6CB61D04}.Debug|Any CPU.Build.0 = Debug|Any CPU
		{EEE9EAB9-83FB-4C13-B386-496D6CB61D04}.Release|Any CPU.ActiveCfg = Release|Any CPU
		{EEE9EAB9-83FB-4C13-B386-496D6CB61D04}.Release|Any CPU.Build.0 = Release|Any CPU
	EndGlobalSection
	GlobalSection(SolutionProperties) = preSolution
		HideSolutionNode = FALSE
	EndGlobalSection
	GlobalSection(ExtensibilityGlobals) = postSolution
		SolutionGuid = {1154E07F-BFD9-4557-A659-BEAB572D4660}
	EndGlobalSection
EndGlobal
